
Microsoft Visual Studio Solution File, Format Version 9.00
# Visual Studio 2005
Project("{FAE04EC0-301F-11D3-BF4B-00C04F79EFBC}") = "Codabar", "Codabar\Codabar.csproj", "{63BCEC0A-BF00-4BE0-9011-EC920C741B81}"
EndProject
Project("{FAE04EC0-301F-11D3-BF4B-00C04F79EFBC}") = "Codabar TestApp", "Codabar TestApp\Codabar TestApp.csproj", "{99659C99-00B2-4D06-A61E-E8A43C66ECF9}"
EndProject
Global
	GlobalSection(SolutionConfigurationPlatforms) = preSolution
		Debug|Any CPU = Debug|Any CPU
		Release|Any CPU = Release|Any CPU
	EndGlobalSection
	GlobalSection(ProjectConfigurationPlatforms) = postSolution
		{63BCEC0A-BF00-4BE0-9011-EC920C741B81}.Debug|Any CPU.ActiveCfg = Debug|Any CPU
		{63BCEC0A-BF00-4BE0-9011-EC920C741B81}.Debug|Any CPU.Build.0 = Debug|Any CPU
		{63BCEC0A-BF00-4BE0-9011-EC920C741B81}.Release|Any CPU.ActiveCfg = Release|Any CPU
		{63BCEC0A-BF00-4BE0-9011-EC920C741B81}.Release|Any CPU.Build.0 = Release|Any CPU
		{99659C99-00B2-4D06-A61E-E8A43C66ECF9}.Debug|Any CPU.ActiveCfg = Debug|Any CPU
		{99659C99-00B2-4D06-A61E-E8A43C66ECF9}.Debug|Any CPU.Build.0 = Debug|Any CPU
		{99659C99-00B2-4D06-A61E-E8A43C66ECF9}.Release|Any CPU.ActiveCfg = Release|Any CPU
		{99659C99-00B2-4D06-A61E-E8A43C66ECF9}.Release|Any CPU.Build.0 = Release|Any CPU
	EndGlobalSection
	GlobalSection(SolutionProperties) = preSolution
		HideSolutionNode = FALSE
	EndGlobalSection
EndGlobal
